
Microsoft Visual Studio Solution File, Format Version 12.00
# Visual Studio Version 16
VisualStudioVersion = 16.0.31424.327
MinimumVisualStudioVersion = 10.0.40219.1
Project("{FAE04EC0-301F-11D3-BF4B-00C04F79EFBC}") = "BankAccount", "BankAccount\BankAccount.csproj", "{73D13496-5E17-419B-A251-9B51D0839239}"
EndProject
Global
	GlobalSection(SolutionConfigurationPlatforms) = preSolution
		Debug|Any CPU = Debug|Any CPU
		Release|Any CPU = Release|Any CPU
	EndGlobalSection
	GlobalSection(ProjectConfigurationPlatforms) = postSolution
		{73D13496-5E17-419B-A251-9B51D0839239}.Debug|Any CPU.ActiveCfg = Debug|Any CPU
		{73D13496-5E17-419B-A251-9B51D0839239}.Debug|Any CPU.Build.0 = Debug|Any CPU
		{73D13496-5E17-419B-A251-9B51D0839239}.Release|Any CPU.ActiveCfg = Release|Any CPU
		{73D13496-5E17-419B-A251-9B51D0839239}.Release|Any CPU.Build.0 = Release|Any CPU
	EndGlobalSection
	GlobalSection(SolutionProperties) = preSolution
		HideSolutionNode = FALSE
	EndGlobalSection
	GlobalSection(ExtensibilityGlobals) = postSolution
		SolutionGuid = {FECA8738-0443-45D2-AF6B-F20354693D6E}
	EndGlobalSection
EndGlobal
